
Microsoft Visual Studio Solution File, Format Version 12.00
# Visual Studio Version 17
VisualStudioVersion = 17.11.35327.3
MinimumVisualStudioVersion = 10.0.40219.1
Project("{9A19103F-16F7-4668-BE54-9A1E7A4F7556}") = "API", "api\API.csproj", "{CED2C000-D11A-49FA-9B45-5511B8A3B12E}"
EndProject
Project("{FAE04EC0-301F-11D3-BF4B-00C04F79EFBC}") = "Application", "Application\Application.csproj", "{D370A162-F87C-453C-89D0-4AFC46C87C60}"
EndProject
Project("{FAE04EC0-301F-11D3-BF4B-00C04F79EFBC}") = "Domain", "Domain\Domain.csproj", "{5EA1AEBC-A22B-4395-A26D-E86E5A8C1A4A}"
EndProject
Project("{FAE04EC0-301F-11D3-BF4B-00C04F79EFBC}") = "Persistence", "Persistence\Persistence.csproj", "{83B90192-F12E-4B2D-BB8F-465BA5D98366}"
EndProject
Global
	GlobalSection(SolutionConfigurationPlatforms) = preSolution
		Debug|Any CPU = Debug|Any CPU
		Release|Any CPU = Release|Any CPU
	EndGlobalSection
	GlobalSection(ProjectConfigurationPlatforms) = postSolution
		{CED2C000-D11A-49FA-9B45-5511B8A3B12E}.Debug|Any CPU.ActiveCfg = Debug|Any CPU
		{CED2C000-D11A-49FA-9B45-5511B8A3B12E}.Debug|Any CPU.Build.0 = Debug|Any CPU
		{CED2C000-D11A-49FA-9B45-5511B8A3B12E}.Release|Any CPU.ActiveCfg = Release|Any CPU
		{CED2C000-D11A-49FA-9B45-5511B8A3B12E}.Release|Any CPU.Build.0 = Release|Any CPU
		{D370A162-F87C-453C-89D0-4AFC46C87C60}.Debug|Any CPU.ActiveCfg = Debug|Any CPU
		{D370A162-F87C-453C-89D0-4AFC46C87C60}.Debug|Any CPU.Build.0 = Debug|Any CPU
		{D370A162-F87C-453C-89D0-4AFC46C87C60}.Release|Any CPU.ActiveCfg = Release|Any CPU
		{D370A162-F87C-453C-89D0-4AFC46C87C60}.Release|Any CPU.Build.0 = Release|Any CPU
		{5EA1AEBC-A22B-4395-A26D-E86E5A8C1A4A}.Debug|Any CPU.ActiveCfg = Debug|Any CPU
		{5EA1AEBC-A22B-4395-A26D-E86E5A8C1A4A}.Debug|Any CPU.Build.0 = Debug|Any CPU
		{5EA1AEBC-A22B-4395-A26D-E86E5A8C1A4A}.Release|Any CPU.ActiveCfg = Release|Any CPU
		{5EA1AEBC-A22B-4395-A26D-E86E5A8C1A4A}.Release|Any CPU.Build.0 = Release|Any CPU
		{83B90192-F12E-4B2D-BB8F-465BA5D98366}.Debug|Any CPU.ActiveCfg = Debug|Any CPU
		{83B90192-F12E-4B2D-BB8F-465BA5D98366}.Debug|Any CPU.Build.0 = Debug|Any CPU
		{83B90192-F12E-4B2D-BB8F-465BA5D98366}.Release|Any CPU.ActiveCfg = Release|Any CPU
		{83B90192-F12E-4B2D-BB8F-465BA5D98366}.Release|Any CPU.Build.0 = Release|Any CPU
	EndGlobalSection
	GlobalSection(SolutionProperties) = preSolution
		HideSolutionNode = FALSE
	EndGlobalSection
	GlobalSection(ExtensibilityGlobals) = postSolution
		SolutionGuid = {B892A8D6-D1C5-4E38-8E24-6BE5C053037F}
	EndGlobalSection
EndGlobal
